
Microsoft Visual Studio Solution File, Format Version 12.00
# Visual Studio Version 17
VisualStudioVersion = 17.1.32127.271
MinimumVisualStudioVersion = 10.0.40219.1
Project("{8BC9CEB8-8B4A-11D0-8D11-00A0C91BC942}") = "C++Practice0204", "C++Practice0204\C++Practice0204.vcxproj", "{C9C3F35E-A0C4-4DED-8DEC-27600906B517}"
EndProject
Global
	GlobalSection(SolutionConfigurationPlatforms) = preSolution
		Debug|x64 = Debug|x64
		Debug|x86 = Debug|x86
		Release|x64 = Release|x64
		Release|x86 = Release|x86
	EndGlobalSection
	GlobalSection(ProjectConfigurationPlatforms) = postSolution
		{C9C3F35E-A0C4-4DED-8DEC-27600906B517}.Debug|x64.ActiveCfg = Debug|x64
		{C9C3F35E-A0C4-4DED-8DEC-27600906B517}.Debug|x64.Build.0 = Debug|x64
		{C9C3F35E-A0C4-4DED-8DEC-27600906B517}.Debug|x86.ActiveCfg = Debug|Win32
		{C9C3F35E-A0C4-4DED-8DEC-27600906B517}.Debug|x86.Build.0 = Debug|Win32
		{C9C3F35E-A0C4-4DED-8DEC-27600906B517}.Release|x64.ActiveCfg = Release|x64
		{C9C3F35E-A0C4-4DED-8DEC-27600906B517}.Release|x64.Build.0 = Release|x64
		{C9C3F35E-A0C4-4DED-8DEC-27600906B517}.Release|x86.ActiveCfg = Release|Win32
		{C9C3F35E-A0C4-4DED-8DEC-27600906B517}.Release|x86.Build.0 = Release|Win32
	EndGlobalSection
	GlobalSection(SolutionProperties) = preSolution
		HideSolutionNode = FALSE
	EndGlobalSection
	GlobalSection(ExtensibilityGlobals) = postSolution
		SolutionGuid = {D36F4D00-64BF-400D-AAB2-A6ADF63E2F17}
	EndGlobalSection
EndGlobal
